
Microsoft Visual Studio Solution File, Format Version 12.00
# Visual Studio Version 16
VisualStudioVersion = 16.0.29509.3
MinimumVisualStudioVersion = 10.0.40219.1
Project("{9A19103F-16F7-4668-BE54-9A1E7A4F7556}") = "Calculator", "Calculator\Calculator.csproj", "{3BA82D01-AE0D-4B74-9624-32F02D6E71D0}"
EndProject
Project("{FAE04EC0-301F-11D3-BF4B-00C04F79EFBC}") = "CalculatorTests", "CalculatorTests\CalculatorTests.csproj", "{8D7F146B-21F8-48C8-AD31-839806272326}"
EndProject
Global
	GlobalSection(SolutionConfigurationPlatforms) = preSolution
		Debug|Any CPU = Debug|Any CPU
		Release|Any CPU = Release|Any CPU
	EndGlobalSection
	GlobalSection(ProjectConfigurationPlatforms) = postSolution
		{3BA82D01-AE0D-4B74-9624-32F02D6E71D0}.Debug|Any CPU.ActiveCfg = Debug|Any CPU
		{3BA82D01-AE0D-4B74-9624-32F02D6E71D0}.Debug|Any CPU.Build.0 = Debug|Any CPU
		{3BA82D01-AE0D-4B74-9624-32F02D6E71D0}.Release|Any CPU.ActiveCfg = Release|Any CPU
		{3BA82D01-AE0D-4B74-9624-32F02D6E71D0}.Release|Any CPU.Build.0 = Release|Any CPU
		{8D7F146B-21F8-48C8-AD31-839806272326}.Debug|Any CPU.ActiveCfg = Debug|Any CPU
		{8D7F146B-21F8-48C8-AD31-839806272326}.Debug|Any CPU.Build.0 = Debug|Any CPU
		{8D7F146B-21F8-48C8-AD31-839806272326}.Release|Any CPU.ActiveCfg = Release|Any CPU
		{8D7F146B-21F8-48C8-AD31-839806272326}.Release|Any CPU.Build.0 = Release|Any CPU
	EndGlobalSection
	GlobalSection(SolutionProperties) = preSolution
		HideSolutionNode = FALSE
	EndGlobalSection
	GlobalSection(ExtensibilityGlobals) = postSolution
		SolutionGuid = {275C103B-D4B2-43AB-B605-786231CADF70}
	EndGlobalSection
EndGlobal
